<?xml version="1.0" encoding="utf-8"?>
<Project ToolsVersion="4.0" xmlns="http://schemas.microsoft.com/developer/msbuild/2003">
  <ItemGroup>
    <Filter Include="Source Files">
      <UniqueIdentifier>{4FC737F1-C7A5-4376-A066-2A32D752A2FF}</UniqueIdentifier>
      <Extensions>qml;cpp;c;cc;cxx;def;odl;idl;hpj;bat;asm;asmx</Extensions>
    </Filter>
    <Filter Include="Header Files">
      <UniqueIdentifier>{93995380-89BD-4b04-88EB-625FBE52EBFB}</UniqueIdentifier>
      <Extensions>h;hh;hpp;hxx;hm;inl;inc;xsd</Extensions>
    </Filter>
    <Filter Include="Resource Files">
      <UniqueIdentifier>{67DA6AB6-F800-4c08-8B7A-83BB121AAD01}</UniqueIdentifier>
      <Extensions>qrc;rc;ico;cur;bmp;dlg;rc2;rct;bin;rgs;gif;jpg;jpeg;jpe;resx;tiff;tif;png;wav;mfcribbon-ms</Extensions>
    </Filter>
    <Filter Include="Form Files">
      <UniqueIdentifier>{99349809-55BA-4b9d-BF79-8FDBB0286EB3}</UniqueIdentifier>
      <Extensions>ui</Extensions>
    </Filter>
    <Filter Include="Translation Files">
      <UniqueIdentifier>{639EADAA-A684-42e4-A9AD-28FC9BCB8F7C}</UniqueIdentifier>
      <Extensions>ts</Extensions>
    </Filter>
  </ItemGroup>
  <ItemGroup>
    <ClInclude Include="util.h">
      <Filter>Header Files</Filter>
    </ClInclude>
    <ClInclude Include="UniqueNumberGenerator.h">
      <Filter>Header Files</Filter>
    </ClInclude>
    <ClInclude Include="CommonInfo.h">
      <Filter>Header Files</Filter>
    </ClInclude>
  </ItemGroup>
  <ItemGroup>
    <ClCompile Include="util.cpp">
      <Filter>Source Files</Filter>
    </ClCompile>
    <ClCompile Include="TAFloatingWidget.cpp">
      <Filter>Source Files</Filter>
    </ClCompile>
    <ClCompile Include="TAHttpHandler.cpp">
      <Filter>Source Files</Filter>
    </ClCompile>
    <ClCompile Include="TADialog.cpp">
      <Filter>Source Files</Filter>
    </ClCompile>
    <ClCompile Include="TACalendarDialog.cpp">
      <Filter>Source Files</Filter>
    </ClCompile>
    <ClCompile Include="TAEntity.cpp">
      <Filter>Source Files</Filter>
    </ClCompile>
    <ClCompile Include="TABaseDialog.cpp">
      <Filter>Source Files</Filter>
    </ClCompile>
    <ClCompile Include="ModalDialog.cpp">
      <Filter>Source Files</Filter>
    </ClCompile>
    <ClCompile Include="PwdLoginModalDialog.cpp">
      <Filter>Source Files</Filter>
    </ClCompile>
    <ClCompile Include="RegisterDialog.cpp">
      <Filter>Source Files</Filter>
    </ClCompile>
    <ClCompile Include="ResetPwdDialog.cpp">
      <Filter>Source Files</Filter>
    </ClCompile>
    <ClCompile Include="QSchoolInfoWidget.cpp">
      <Filter>Source Files</Filter>
    </ClCompile>
    <ClCompile Include="QClassMgr.cpp">
      <Filter>Source Files</Filter>
    </ClCompile>
    <ClCompile Include="TACAddGroupWidget.cpp">
      <Filter>Source Files</Filter>
    </ClCompile>
    <ClCompile Include="AvatarLabel.cpp">
      <Filter>Source Files</Filter>
    </ClCompile>
    <ClCompile Include="NameLabel.cpp">
      <Filter>Source Files</Filter>
    </ClCompile>
    <ClCompile Include="CommonInfo.cpp">
      <Filter>Source Files</Filter>
    </ClCompile>
    <ClCompile Include="FriendGroupDialog.cpp">
      <Filter>Source Files</Filter>
    </ClCompile>
    <ClCompile Include="TaQTWebSocket.cpp">
      <Filter>Source Files</Filter>
    </ClCompile>
    <ClCompile Include="QGroupInfo.cpp">
      <Filter>Source Files</Filter>
    </ClCompile>
    <ClCompile Include="AudioReceiver.cpp">
      <Filter>Source Files</Filter>
    </ClCompile>
  </ItemGroup>
  <ItemGroup>
    <QtMoc Include="TAFloatingWidget.h">
      <Filter>Header Files</Filter>
    </QtMoc>
    <QtMoc Include="TAHttpHandler.h">
      <Filter>Header Files</Filter>
    </QtMoc>
    <QtMoc Include="TADialog.h">
      <Filter>Header Files</Filter>
    </QtMoc>
    <QtMoc Include="TACalendarDialog.h">
      <Filter>Header Files</Filter>
    </QtMoc>
    <QtMoc Include="TAEntity.h">
      <Filter>Header Files</Filter>
    </QtMoc>
    <QtMoc Include="TABaseDialog.h">
      <Filter>Header Files</Filter>
    </QtMoc>
    <QtMoc Include="ModalDialog.h">
      <Filter>Header Files</Filter>
    </QtMoc>
    <QtMoc Include="PwdLoginModalDialog.h">
      <Filter>Header Files</Filter>
    </QtMoc>
    <QtMoc Include="ClickableLabel.h">
      <Filter>Header Files</Filter>
    </QtMoc>
    <QtMoc Include="RegisterDialog.h">
      <Filter>Header Files</Filter>
    </QtMoc>
    <QtMoc Include="ResetPwdDialog.h">
      <Filter>Header Files</Filter>
    </QtMoc>
    <QtMoc Include="SchoolInfoDialog.h">
      <Filter>Header Files</Filter>
    </QtMoc>
    <QtMoc Include="QSchoolInfoWidget.h">
      <Filter>Header Files</Filter>
    </QtMoc>
    <QtMoc Include="QClassMgr.h">
      <Filter>Header Files</Filter>
    </QtMoc>
    <QtMoc Include="MemberManagerWidget.h">
      <Filter>Header Files</Filter>
    </QtMoc>
    <QtMoc Include="TAUserMenuDialog.h">
      <Filter>Header Files</Filter>
    </QtMoc>
    <QtMoc Include="UserInfoDialog.h">
      <Filter>Header Files</Filter>
    </QtMoc>
    <QtMoc Include="FriendGroupDialog.h">
      <Filter>Header Files</Filter>
    </QtMoc>
    <QtMoc Include="TACAddGroupWidget.h">
      <Filter>Header Files</Filter>
    </QtMoc>
    <QtMoc Include="SearchDialog.h">
      <Filter>Header Files</Filter>
    </QtMoc>
    <QtMoc Include="ClassTeacherDialog.h">
      <Filter>Header Files</Filter>
    </QtMoc>
    <QtMoc Include="ScheduleDialog.h">
      <Filter>Header Files</Filter>
    </QtMoc>
    <QtMoc Include="FriendNotifyDialog.h">
      <Filter>Header Files</Filter>
    </QtMoc>
    <QtMoc Include="GroupNotifyDialog.h">
      <Filter>Header Files</Filter>
    </QtMoc>
    <QtMoc Include="CustomListDialog.h">
      <Filter>Header Files</Filter>
    </QtMoc>
    <QtMoc Include="MidtermGradeDialog.h">
      <Filter>Header Files</Filter>
    </QtMoc>
    <QtMoc Include="StudentPhysiqueDialog.h">
      <Filter>Header Files</Filter>
    </QtMoc>
    <QtMoc Include="ArrangeSeatDialog.h">
      <Filter>Header Files</Filter>
    </QtMoc>
    <QtMoc Include="AvatarLabel.h">
      <Filter>Header Files</Filter>
    </QtMoc>
    <QtMoc Include="NameLabel.h">
      <Filter>Header Files</Filter>
    </QtMoc>
    <QtMoc Include="ChatDialog.h">
      <Filter>Header Files</Filter>
    </QtMoc>
    <QtMoc Include="TaQTWebSocket.h">
      <Filter>Header Files</Filter>
    </QtMoc>
    <QtMoc Include="QGroupInfo.h">
      <Filter>Header Files</Filter>
    </QtMoc>
    <QtMoc Include="ClassTeacherDelDialog.h">
      <Filter>Header Files</Filter>
    </QtMoc>
    <QtMoc Include="AudioReceiver.h">
      <Filter>Header Files</Filter>
    </QtMoc>
    <QtMoc Include="CourseTableWidget.h">
      <Filter>Header Files</Filter>
    </QtMoc>
    <QtMoc Include="CourseDialog.h">
      <Filter>Header Files</Filter>
    </QtMoc>
  </ItemGroup>
  <ItemGroup>
    <QtRcc Include="Resource.qrc">
      <Filter>Resource Files</Filter>
    </QtRcc>
  </ItemGroup>
  <ItemGroup>
    <QtUic Include="DialogButtonBottom.ui">
      <Filter>Header Files</Filter>
    </QtUic>
  </ItemGroup>
</Project>