<?xml version="1.0" encoding="utf-8"?>
<Project ToolsVersion="4.0" xmlns="http://schemas.microsoft.com/developer/msbuild/2003">
  <ItemGroup>
    <Filter Include="Source Files">
      <UniqueIdentifier>{4FC737F1-C7A5-4376-A066-2A32D752A2FF}</UniqueIdentifier>
      <Extensions>qml;cpp;c;cc;cxx;def;odl;idl;hpj;bat;asm;asmx</Extensions>
    </Filter>
    <Filter Include="Header Files">
      <UniqueIdentifier>{93995380-89BD-4b04-88EB-625FBE52EBFB}</UniqueIdentifier>
      <Extensions>h;hh;hpp;hxx;hm;inl;inc;xsd</Extensions>
    </Filter>
    <Filter Include="Resource Files">
      <UniqueIdentifier>{67DA6AB6-F800-4c08-8B7A-83BB121AAD01}</UniqueIdentifier>
      <Extensions>qrc;rc;ico;cur;bmp;dlg;rc2;rct;bin;rgs;gif;jpg;jpeg;jpe;resx;tiff;tif;png;wav;mfcribbon-ms</Extensions>
    </Filter>
    <Filter Include="Form Files">
      <UniqueIdentifier>{99349809-55BA-4b9d-BF79-8FDBB0286EB3}</UniqueIdentifier>
      <Extensions>ui</Extensions>
    </Filter>
    <Filter Include="Translation Files">
      <UniqueIdentifier>{639EADAA-A684-42e4-A9AD-28FC9BCB8F7C}</UniqueIdentifier>
      <Extensions>ts</Extensions>
    </Filter>
    <Filter Include="zlib">
      <UniqueIdentifier>{4c148503-0d87-4834-84ca-876377bbf7bc}</UniqueIdentifier>
    </Filter>
    <Filter Include="common">
      <UniqueIdentifier>{263cdb02-2823-4a8c-9f2f-a9cb10a5f7d3}</UniqueIdentifier>
    </Filter>
  </ItemGroup>
  <ItemGroup>
    <ClInclude Include="util.h">
      <Filter>Header Files</Filter>
    </ClInclude>
    <ClInclude Include="UniqueNumberGenerator.h">
      <Filter>Header Files</Filter>
    </ClInclude>
    <ClInclude Include="CommonInfo.h">
      <Filter>Header Files</Filter>
    </ClInclude>
    <ClInclude Include="GenerateTestUserSig.h">
      <Filter>Header Files</Filter>
    </ClInclude>
    <ClInclude Include="zlib\crc32.h">
      <Filter>zlib</Filter>
    </ClInclude>
    <ClInclude Include="zlib\crypt.h">
      <Filter>zlib</Filter>
    </ClInclude>
    <ClInclude Include="zlib\deflate.h">
      <Filter>zlib</Filter>
    </ClInclude>
    <ClInclude Include="zlib\gzguts.h">
      <Filter>zlib</Filter>
    </ClInclude>
    <ClInclude Include="zlib\inffast.h">
      <Filter>zlib</Filter>
    </ClInclude>
    <ClInclude Include="zlib\inffixed.h">
      <Filter>zlib</Filter>
    </ClInclude>
    <ClInclude Include="zlib\inflate.h">
      <Filter>zlib</Filter>
    </ClInclude>
    <ClInclude Include="zlib\inftrees.h">
      <Filter>zlib</Filter>
    </ClInclude>
    <ClInclude Include="zlib\ioapi.h">
      <Filter>zlib</Filter>
    </ClInclude>
    <ClInclude Include="zlib\trees.h">
      <Filter>zlib</Filter>
    </ClInclude>
    <ClInclude Include="zlib\zconf.h">
      <Filter>zlib</Filter>
    </ClInclude>
    <ClInclude Include="zlib\zip.h">
      <Filter>zlib</Filter>
    </ClInclude>
    <ClInclude Include="zlib\zlib.h">
      <Filter>zlib</Filter>
    </ClInclude>
    <ClInclude Include="zlib\zutil.h">
      <Filter>zlib</Filter>
    </ClInclude>
    <ClInclude Include="common\Base.h">
      <Filter>common</Filter>
    </ClInclude>
    <ClInclude Include="common\crashdump.h">
      <Filter>common</Filter>
    </ClInclude>
    <ClInclude Include="common\HttpClient.h">
      <Filter>common</Filter>
    </ClInclude>
    <ClInclude Include="common\HttpReportRequest.h">
      <Filter>common</Filter>
    </ClInclude>
    <ClInclude Include="common\HttpServer.h">
      <Filter>common</Filter>
    </ClInclude>
    <ClInclude Include="common\IMUtil.h">
      <Filter>common</Filter>
    </ClInclude>
    <ClInclude Include="common\log.h">
      <Filter>common</Filter>
    </ClInclude>
    <ClInclude Include="common\TaskQueue.h">
      <Filter>common</Filter>
    </ClInclude>
  </ItemGroup>
  <ItemGroup>
    <ClCompile Include="util.cpp">
      <Filter>Source Files</Filter>
    </ClCompile>
    <ClCompile Include="TAFloatingWidget.cpp">
      <Filter>Source Files</Filter>
    </ClCompile>
    <ClCompile Include="TAHttpHandler.cpp">
      <Filter>Source Files</Filter>
    </ClCompile>
    <ClCompile Include="TADialog.cpp">
      <Filter>Source Files</Filter>
    </ClCompile>
    <ClCompile Include="TACalendarDialog.cpp">
      <Filter>Source Files</Filter>
    </ClCompile>
    <ClCompile Include="TAEntity.cpp">
      <Filter>Source Files</Filter>
    </ClCompile>
    <ClCompile Include="TABaseDialog.cpp">
      <Filter>Source Files</Filter>
    </ClCompile>
    <ClCompile Include="ModalDialog.cpp">
      <Filter>Source Files</Filter>
    </ClCompile>
    <ClCompile Include="PwdLoginModalDialog.cpp">
      <Filter>Source Files</Filter>
    </ClCompile>
    <ClCompile Include="RegisterDialog.cpp">
      <Filter>Source Files</Filter>
    </ClCompile>
    <ClCompile Include="ResetPwdDialog.cpp">
      <Filter>Source Files</Filter>
    </ClCompile>
    <ClCompile Include="QSchoolInfoWidget.cpp">
      <Filter>Source Files</Filter>
    </ClCompile>
    <ClCompile Include="QClassMgr.cpp">
      <Filter>Source Files</Filter>
    </ClCompile>
    <ClCompile Include="TACAddGroupWidget.cpp">
      <Filter>Source Files</Filter>
    </ClCompile>
    <ClCompile Include="AvatarLabel.cpp">
      <Filter>Source Files</Filter>
    </ClCompile>
    <ClCompile Include="NameLabel.cpp">
      <Filter>Source Files</Filter>
    </ClCompile>
    <ClCompile Include="CommonInfo.cpp">
      <Filter>Source Files</Filter>
    </ClCompile>
    <ClCompile Include="FriendGroupDialog.cpp">
      <Filter>Source Files</Filter>
    </ClCompile>
    <ClCompile Include="TaQTWebSocket.cpp">
      <Filter>Source Files</Filter>
    </ClCompile>
    <ClCompile Include="QGroupInfo.cpp">
      <Filter>Source Files</Filter>
    </ClCompile>
    <ClCompile Include="FriendSelectDialog.cpp">
      <Filter>Source Files</Filter>
    </ClCompile>
    <ClCompile Include="AudioReceiver.cpp">
      <Filter>Source Files</Filter>
    </ClCompile>
    <ClCompile Include="GenerateTestUserSig.cpp">
      <Filter>Source Files</Filter>
    </ClCompile>
    <ClCompile Include="zlib\adler32.c">
      <Filter>zlib</Filter>
    </ClCompile>
    <ClCompile Include="zlib\compress.c">
      <Filter>zlib</Filter>
    </ClCompile>
    <ClCompile Include="zlib\crc32.c">
      <Filter>zlib</Filter>
    </ClCompile>
    <ClCompile Include="zlib\deflate.c">
      <Filter>zlib</Filter>
    </ClCompile>
    <ClCompile Include="zlib\gzclose.c">
      <Filter>zlib</Filter>
    </ClCompile>
    <ClCompile Include="zlib\gzlib.c">
      <Filter>zlib</Filter>
    </ClCompile>
    <ClCompile Include="zlib\gzread.c">
      <Filter>zlib</Filter>
    </ClCompile>
    <ClCompile Include="zlib\gzwrite.c">
      <Filter>zlib</Filter>
    </ClCompile>
    <ClCompile Include="zlib\infback.c">
      <Filter>zlib</Filter>
    </ClCompile>
    <ClCompile Include="zlib\inffast.c">
      <Filter>zlib</Filter>
    </ClCompile>
    <ClCompile Include="zlib\inflate.c">
      <Filter>zlib</Filter>
    </ClCompile>
    <ClCompile Include="zlib\inftrees.c">
      <Filter>zlib</Filter>
    </ClCompile>
    <ClCompile Include="zlib\ioapi.c">
      <Filter>zlib</Filter>
    </ClCompile>
    <ClCompile Include="zlib\trees.c">
      <Filter>zlib</Filter>
    </ClCompile>
    <ClCompile Include="zlib\uncompr.c">
      <Filter>zlib</Filter>
    </ClCompile>
    <ClCompile Include="zlib\zip.c">
      <Filter>zlib</Filter>
    </ClCompile>
    <ClCompile Include="zlib\zutil.c">
      <Filter>zlib</Filter>
    </ClCompile>
    <ClCompile Include="common\crashdump.cpp">
      <Filter>common</Filter>
    </ClCompile>
    <ClCompile Include="common\HttpClient.cpp">
      <Filter>common</Filter>
    </ClCompile>
    <ClCompile Include="common\HttpReportRequest.cpp">
      <Filter>common</Filter>
    </ClCompile>
    <ClCompile Include="common\HttpServer.cpp">
      <Filter>common</Filter>
    </ClCompile>
    <ClCompile Include="common\IMUtil.cpp">
      <Filter>common</Filter>
    </ClCompile>
    <ClCompile Include="common\log.cpp">
      <Filter>common</Filter>
    </ClCompile>
    <ClCompile Include="common\TaskQueue.cpp">
      <Filter>common</Filter>
    </ClCompile>
  </ItemGroup>
  <ItemGroup>
    <QtMoc Include="TAFloatingWidget.h">
      <Filter>Header Files</Filter>
    </QtMoc>
    <QtMoc Include="TAHttpHandler.h">
      <Filter>Header Files</Filter>
    </QtMoc>
    <QtMoc Include="TADialog.h">
      <Filter>Header Files</Filter>
    </QtMoc>
    <QtMoc Include="TACalendarDialog.h">
      <Filter>Header Files</Filter>
    </QtMoc>
    <QtMoc Include="TAEntity.h">
      <Filter>Header Files</Filter>
    </QtMoc>
    <QtMoc Include="TABaseDialog.h">
      <Filter>Header Files</Filter>
    </QtMoc>
    <QtMoc Include="ModalDialog.h">
      <Filter>Header Files</Filter>
    </QtMoc>
    <QtMoc Include="PwdLoginModalDialog.h">
      <Filter>Header Files</Filter>
    </QtMoc>
    <QtMoc Include="ClickableLabel.h">
      <Filter>Header Files</Filter>
    </QtMoc>
    <QtMoc Include="RegisterDialog.h">
      <Filter>Header Files</Filter>
    </QtMoc>
    <QtMoc Include="ResetPwdDialog.h">
      <Filter>Header Files</Filter>
    </QtMoc>
    <QtMoc Include="SchoolInfoDialog.h">
      <Filter>Header Files</Filter>
    </QtMoc>
    <QtMoc Include="QSchoolInfoWidget.h">
      <Filter>Header Files</Filter>
    </QtMoc>
    <QtMoc Include="QClassMgr.h">
      <Filter>Header Files</Filter>
    </QtMoc>
    <QtMoc Include="MemberManagerWidget.h">
      <Filter>Header Files</Filter>
    </QtMoc>
    <QtMoc Include="TAUserMenuDialog.h">
      <Filter>Header Files</Filter>
    </QtMoc>
    <QtMoc Include="UserInfoDialog.h">
      <Filter>Header Files</Filter>
    </QtMoc>
    <QtMoc Include="FriendGroupDialog.h">
      <Filter>Header Files</Filter>
    </QtMoc>
    <QtMoc Include="TACAddGroupWidget.h">
      <Filter>Header Files</Filter>
    </QtMoc>
    <QtMoc Include="SearchDialog.h">
      <Filter>Header Files</Filter>
    </QtMoc>
    <QtMoc Include="ClassTeacherDialog.h">
      <Filter>Header Files</Filter>
    </QtMoc>
    <QtMoc Include="ScheduleDialog.h">
      <Filter>Header Files</Filter>
    </QtMoc>
    <QtMoc Include="FriendNotifyDialog.h">
      <Filter>Header Files</Filter>
    </QtMoc>
    <QtMoc Include="GroupNotifyDialog.h">
      <Filter>Header Files</Filter>
    </QtMoc>
    <QtMoc Include="CustomListDialog.h">
      <Filter>Header Files</Filter>
    </QtMoc>
    <QtMoc Include="MidtermGradeDialog.h">
      <Filter>Header Files</Filter>
    </QtMoc>
    <QtMoc Include="StudentPhysiqueDialog.h">
      <Filter>Header Files</Filter>
    </QtMoc>
    <QtMoc Include="ArrangeSeatDialog.h">
      <Filter>Header Files</Filter>
    </QtMoc>
    <QtMoc Include="SeatingArrangementDialog.h">
      <Filter>Header Files</Filter>
    </QtMoc>
    <QtMoc Include="AvatarLabel.h">
      <Filter>Header Files</Filter>
    </QtMoc>
    <QtMoc Include="NameLabel.h">
      <Filter>Header Files</Filter>
    </QtMoc>
    <QtMoc Include="ChatDialog.h">
      <Filter>Header Files</Filter>
    </QtMoc>
    <QtMoc Include="TaQTWebSocket.h">
      <Filter>Header Files</Filter>
    </QtMoc>
    <QtMoc Include="QGroupInfo.h">
      <Filter>Header Files</Filter>
    </QtMoc>
    <QtMoc Include="ClassTeacherDelDialog.h">
      <Filter>Header Files</Filter>
    </QtMoc>
    <QtMoc Include="AudioReceiver.h">
      <Filter>Header Files</Filter>
    </QtMoc>
    <QtMoc Include="CourseTableWidget.h">
      <Filter>Header Files</Filter>
    </QtMoc>
    <QtMoc Include="CourseDialog.h">
      <Filter>Header Files</Filter>
    </QtMoc>
    <QtMoc Include="FriendSelectDialog.h">
      <Filter>Header Files</Filter>
    </QtMoc>
  </ItemGroup>
  <ItemGroup>
    <QtRcc Include="Resource.qrc">
      <Filter>Resource Files</Filter>
    </QtRcc>
  </ItemGroup>
  <ItemGroup>
    <None Include="zlib\zlib.cmake">
      <Filter>zlib</Filter>
    </None>
  </ItemGroup>
</Project>